
Microsoft Visual Studio Solution File, Format Version 12.00
Project("{2150E333-8FDC-42A3-9474-1A3956D46DE8}") = "src", "src", "{E2EE4D17-FC8B-4E6D-9015-5B9DDC122C0D}"
EndProject
Project("{2150E333-8FDC-42A3-9474-1A3956D46DE8}") = "Bootstrapper", "Bootstrapper", "{360EC86B-CB73-40AB-BFDC-76F5B99F4C76}"
EndProject
Project("{2150E333-8FDC-42A3-9474-1A3956D46DE8}") = "Modules", "Modules", "{C70E566F-94EE-4218-A1F9-3DBB802BF41B}"
EndProject
Project("{2150E333-8FDC-42A3-9474-1A3956D46DE8}") = "Shared", "Shared", "{9E66FB6E-B84A-4A28-8910-EC2F9DE88D12}"
EndProject
Project("{2150E333-8FDC-42A3-9474-1A3956D46DE8}") = "Tests", "Tests", "{FAFF4CA2-5D75-4E08-BB95-6D8485D8E7D6}"
EndProject
Project("{2150E333-8FDC-42A3-9474-1A3956D46DE8}") = "Wallets", "Wallets", "{9FC2DABE-F025-4CD5-874C-2120AA1FB477}"
EndProject
Project("{FAE04EC0-301F-11D3-BF4B-00C04F79EFBC}") = "Budgethold.Bootstrapper", "src\Bootstrapper\Budgethold.Bootstrapper\Budgethold.Bootstrapper.csproj", "{D9610832-C5AE-4921-AE65-6B80E019942C}"
EndProject
Project("{FAE04EC0-301F-11D3-BF4B-00C04F79EFBC}") = "Budgethold.Modules.Wallets.Api", "src\Modules\Wallets\Budgethold.Modules.Wallets.Api\Budgethold.Modules.Wallets.Api.csproj", "{94E8DF54-849F-416D-8B7C-32422A8CE80A}"
EndProject
Project("{FAE04EC0-301F-11D3-BF4B-00C04F79EFBC}") = "Budgethold.Modules.Wallets.Application", "src\Modules\Wallets\Budgethold.Modules.Wallets.Application\Budgethold.Modules.Wallets.Application.csproj", "{01BFF24A-CEEE-4491-BD34-2EB8F7BE8B05}"
EndProject
Project("{FAE04EC0-301F-11D3-BF4B-00C04F79EFBC}") = "Budgethold.Shared.Abstractions", "src\Shared\Budgethold.Shared.Abstractions\Budgethold.Shared.Abstractions.csproj", "{40044FBA-A791-450C-B083-08CE97720639}"
EndProject
Project("{FAE04EC0-301F-11D3-BF4B-00C04F79EFBC}") = "Budgethold.Shared.Infrastructure", "src\Shared\Budgethold.Shared.Infrastructure\Budgethold.Shared.Infrastructure.csproj", "{E970AE3A-9625-49E5-B66E-C03BF4B4673C}"
EndProject
Project("{2150E333-8FDC-42A3-9474-1A3956D46DE8}") = "Users", "Users", "{886F7767-FDED-4AFE-A502-5C34FF9F00FE}"
EndProject
Project("{FAE04EC0-301F-11D3-BF4B-00C04F79EFBC}") = "Budgethold.Modules.Users.Api", "src\Modules\Users\Budgethold.Modules.Users.Api\Budgethold.Modules.Users.Api.csproj", "{4B07F8F2-C11A-4A10-8F40-267AA7F18F7D}"
EndProject
Project("{FAE04EC0-301F-11D3-BF4B-00C04F79EFBC}") = "Budgethold.Modules.Users.Domain", "src\Modules\Users\Budgethold.Modules.Users.Domain\Budgethold.Modules.Users.Domain.csproj", "{7A7C09EC-3575-4AB4-B659-0A09A60A825A}"
EndProject
Project("{FAE04EC0-301F-11D3-BF4B-00C04F79EFBC}") = "Budgethold.Modules.Wallets.Domain", "src\Modules\Wallets\Budgethold.Modules.Wallets.Domain\Budgethold.Modules.Wallets.Domain.csproj", "{2BC9E67E-E2D1-4744-B949-9467A919D7BA}"
EndProject
Project("{FAE04EC0-301F-11D3-BF4B-00C04F79EFBC}") = "Budgethold.Modules.Wallets.Infrastructure", "src\Modules\Wallets\Budgethold.Modules.Wallets.Infrastructure\Budgethold.Modules.Wallets.Infrastructure.csproj", "{CFA13DFE-7D67-41DC-BFE6-383F01E79AE1}"
EndProject
Project("{FAE04EC0-301F-11D3-BF4B-00C04F79EFBC}") = "Budgethold.Modules.Users.Application", "src\Modules\Users\Budgethold.Modules.Users.Application\Budgethold.Modules.Users.Application.csproj", "{60F998B4-822E-4B1D-B25F-6F4ADECDF5CC}"
EndProject
Project("{FAE04EC0-301F-11D3-BF4B-00C04F79EFBC}") = "Budgethold.Modules.Users.Infrastructure", "src\Modules\Users\Budgethold.Modules.Users.Infrastructure\Budgethold.Modules.Users.Infrastructure.csproj", "{A56E5D84-AD97-4F9C-A82F-7B39B5BDC505}"
EndProject
Project("{2150E333-8FDC-42A3-9474-1A3956D46DE8}") = "Tests", "Tests", "{3F4965B2-6B89-4311-9C61-D1C776658DCD}"
EndProject
Project("{FAE04EC0-301F-11D3-BF4B-00C04F79EFBC}") = "Budgethold.Modules.Wallets.Unit.Tests", "src\Modules\Wallets\Tests\Budgethold.Modules.Wallets.Unit.Tests\Budgethold.Modules.Wallets.Unit.Tests.csproj", "{5713B2D2-EC84-46FE-8BD4-75438B90B27B}"
EndProject
Project("{FAE04EC0-301F-11D3-BF4B-00C04F79EFBC}") = "Budgethold.Shared.Tests", "src\Shared\Tests\Budgethold.Shared.Tests\Budgethold.Shared.Tests.csproj", "{A0B1A67B-2973-4CEE-9A96-7C8642BA969A}"
EndProject
Project("{FAE04EC0-301F-11D3-BF4B-00C04F79EFBC}") = "Budgethold.Modules.Wallets.Integration.Tests", "src\Modules\Wallets\Tests\Budgethold.Modules.Wallets.Integration.Tests\Budgethold.Modules.Wallets.Integration.Tests.csproj", "{7F8774DC-E765-492E-BEB0-BFE986A263E7}"
EndProject
Project("{2150E333-8FDC-42A3-9474-1A3956D46DE8}") = "Frontend", "Frontend", "{14F15396-C59B-4C88-B9B5-3A50FDDC408F}"
EndProject
Project("{FAE04EC0-301F-11D3-BF4B-00C04F79EFBC}") = "Budgethold.Frontend.Client", "src\Frontend\Budgethold.Frontend\Client\Budgethold.Frontend.Client.csproj", "{FFD518EB-7EDC-4A56-9C64-489ACCDE523B}"
EndProject
Project("{FAE04EC0-301F-11D3-BF4B-00C04F79EFBC}") = "Budgethold.Frontend.Core", "src\Frontend\Budgethold.Frontend\Shared\Budgethold.Frontend.Core.csproj", "{E364C2FD-2D05-4E34-AD4F-F50AF6034B17}"
EndProject
Global
	GlobalSection(SolutionConfigurationPlatforms) = preSolution
		Debug|Any CPU = Debug|Any CPU
		Release|Any CPU = Release|Any CPU
	EndGlobalSection
	GlobalSection(NestedProjects) = preSolution
		{360EC86B-CB73-40AB-BFDC-76F5B99F4C76} = {E2EE4D17-FC8B-4E6D-9015-5B9DDC122C0D}
		{C70E566F-94EE-4218-A1F9-3DBB802BF41B} = {E2EE4D17-FC8B-4E6D-9015-5B9DDC122C0D}
		{9E66FB6E-B84A-4A28-8910-EC2F9DE88D12} = {E2EE4D17-FC8B-4E6D-9015-5B9DDC122C0D}
		{9FC2DABE-F025-4CD5-874C-2120AA1FB477} = {C70E566F-94EE-4218-A1F9-3DBB802BF41B}
		{D9610832-C5AE-4921-AE65-6B80E019942C} = {360EC86B-CB73-40AB-BFDC-76F5B99F4C76}
		{94E8DF54-849F-416D-8B7C-32422A8CE80A} = {9FC2DABE-F025-4CD5-874C-2120AA1FB477}
		{01BFF24A-CEEE-4491-BD34-2EB8F7BE8B05} = {9FC2DABE-F025-4CD5-874C-2120AA1FB477}
		{40044FBA-A791-450C-B083-08CE97720639} = {9E66FB6E-B84A-4A28-8910-EC2F9DE88D12}
		{E970AE3A-9625-49E5-B66E-C03BF4B4673C} = {9E66FB6E-B84A-4A28-8910-EC2F9DE88D12}
		{886F7767-FDED-4AFE-A502-5C34FF9F00FE} = {C70E566F-94EE-4218-A1F9-3DBB802BF41B}
		{4B07F8F2-C11A-4A10-8F40-267AA7F18F7D} = {886F7767-FDED-4AFE-A502-5C34FF9F00FE}
		{7A7C09EC-3575-4AB4-B659-0A09A60A825A} = {886F7767-FDED-4AFE-A502-5C34FF9F00FE}
		{2BC9E67E-E2D1-4744-B949-9467A919D7BA} = {9FC2DABE-F025-4CD5-874C-2120AA1FB477}
		{CFA13DFE-7D67-41DC-BFE6-383F01E79AE1} = {9FC2DABE-F025-4CD5-874C-2120AA1FB477}
		{60F998B4-822E-4B1D-B25F-6F4ADECDF5CC} = {886F7767-FDED-4AFE-A502-5C34FF9F00FE}
		{A56E5D84-AD97-4F9C-A82F-7B39B5BDC505} = {886F7767-FDED-4AFE-A502-5C34FF9F00FE}
		{3F4965B2-6B89-4311-9C61-D1C776658DCD} = {9FC2DABE-F025-4CD5-874C-2120AA1FB477}
		{5713B2D2-EC84-46FE-8BD4-75438B90B27B} = {3F4965B2-6B89-4311-9C61-D1C776658DCD}
		{FAFF4CA2-5D75-4E08-BB95-6D8485D8E7D6} = {9E66FB6E-B84A-4A28-8910-EC2F9DE88D12}
		{A0B1A67B-2973-4CEE-9A96-7C8642BA969A} = {FAFF4CA2-5D75-4E08-BB95-6D8485D8E7D6}
		{7F8774DC-E765-492E-BEB0-BFE986A263E7} = {3F4965B2-6B89-4311-9C61-D1C776658DCD}
		{14F15396-C59B-4C88-B9B5-3A50FDDC408F} = {E2EE4D17-FC8B-4E6D-9015-5B9DDC122C0D}
		{FFD518EB-7EDC-4A56-9C64-489ACCDE523B} = {14F15396-C59B-4C88-B9B5-3A50FDDC408F}
		{E364C2FD-2D05-4E34-AD4F-F50AF6034B17} = {14F15396-C59B-4C88-B9B5-3A50FDDC408F}
	EndGlobalSection
	GlobalSection(ProjectConfigurationPlatforms) = postSolution
		{D9610832-C5AE-4921-AE65-6B80E019942C}.Debug|Any CPU.ActiveCfg = Debug|Any CPU
		{D9610832-C5AE-4921-AE65-6B80E019942C}.Debug|Any CPU.Build.0 = Debug|Any CPU
		{D9610832-C5AE-4921-AE65-6B80E019942C}.Release|Any CPU.ActiveCfg = Release|Any CPU
		{D9610832-C5AE-4921-AE65-6B80E019942C}.Release|Any CPU.Build.0 = Release|Any CPU
		{94E8DF54-849F-416D-8B7C-32422A8CE80A}.Debug|Any CPU.ActiveCfg = Debug|Any CPU
		{94E8DF54-849F-416D-8B7C-32422A8CE80A}.Debug|Any CPU.Build.0 = Debug|Any CPU
		{94E8DF54-849F-416D-8B7C-32422A8CE80A}.Release|Any CPU.ActiveCfg = Release|Any CPU
		{94E8DF54-849F-416D-8B7C-32422A8CE80A}.Release|Any CPU.Build.0 = Release|Any CPU
		{01BFF24A-CEEE-4491-BD34-2EB8F7BE8B05}.Debug|Any CPU.ActiveCfg = Debug|Any CPU
		{01BFF24A-CEEE-4491-BD34-2EB8F7BE8B05}.Debug|Any CPU.Build.0 = Debug|Any CPU
		{01BFF24A-CEEE-4491-BD34-2EB8F7BE8B05}.Release|Any CPU.ActiveCfg = Release|Any CPU
		{01BFF24A-CEEE-4491-BD34-2EB8F7BE8B05}.Release|Any CPU.Build.0 = Release|Any CPU
		{40044FBA-A791-450C-B083-08CE97720639}.Debug|Any CPU.ActiveCfg = Debug|Any CPU
		{40044FBA-A791-450C-B083-08CE97720639}.Debug|Any CPU.Build.0 = Debug|Any CPU
		{40044FBA-A791-450C-B083-08CE97720639}.Release|Any CPU.ActiveCfg = Release|Any CPU
		{40044FBA-A791-450C-B083-08CE97720639}.Release|Any CPU.Build.0 = Release|Any CPU
		{E970AE3A-9625-49E5-B66E-C03BF4B4673C}.Debug|Any CPU.ActiveCfg = Debug|Any CPU
		{E970AE3A-9625-49E5-B66E-C03BF4B4673C}.Debug|Any CPU.Build.0 = Debug|Any CPU
		{E970AE3A-9625-49E5-B66E-C03BF4B4673C}.Release|Any CPU.ActiveCfg = Release|Any CPU
		{E970AE3A-9625-49E5-B66E-C03BF4B4673C}.Release|Any CPU.Build.0 = Release|Any CPU
		{4B07F8F2-C11A-4A10-8F40-267AA7F18F7D}.Debug|Any CPU.ActiveCfg = Debug|Any CPU
		{4B07F8F2-C11A-4A10-8F40-267AA7F18F7D}.Debug|Any CPU.Build.0 = Debug|Any CPU
		{4B07F8F2-C11A-4A10-8F40-267AA7F18F7D}.Release|Any CPU.ActiveCfg = Release|Any CPU
		{4B07F8F2-C11A-4A10-8F40-267AA7F18F7D}.Release|Any CPU.Build.0 = Release|Any CPU
		{7A7C09EC-3575-4AB4-B659-0A09A60A825A}.Debug|Any CPU.ActiveCfg = Debug|Any CPU
		{7A7C09EC-3575-4AB4-B659-0A09A60A825A}.Debug|Any CPU.Build.0 = Debug|Any CPU
		{7A7C09EC-3575-4AB4-B659-0A09A60A825A}.Release|Any CPU.ActiveCfg = Release|Any CPU
		{7A7C09EC-3575-4AB4-B659-0A09A60A825A}.Release|Any CPU.Build.0 = Release|Any CPU
		{2BC9E67E-E2D1-4744-B949-9467A919D7BA}.Debug|Any CPU.ActiveCfg = Debug|Any CPU
		{2BC9E67E-E2D1-4744-B949-9467A919D7BA}.Debug|Any CPU.Build.0 = Debug|Any CPU
		{2BC9E67E-E2D1-4744-B949-9467A919D7BA}.Release|Any CPU.ActiveCfg = Release|Any CPU
		{2BC9E67E-E2D1-4744-B949-9467A919D7BA}.Release|Any CPU.Build.0 = Release|Any CPU
		{CFA13DFE-7D67-41DC-BFE6-383F01E79AE1}.Debug|Any CPU.ActiveCfg = Debug|Any CPU
		{CFA13DFE-7D67-41DC-BFE6-383F01E79AE1}.Debug|Any CPU.Build.0 = Debug|Any CPU
		{CFA13DFE-7D67-41DC-BFE6-383F01E79AE1}.Release|Any CPU.ActiveCfg = Release|Any CPU
		{CFA13DFE-7D67-41DC-BFE6-383F01E79AE1}.Release|Any CPU.Build.0 = Release|Any CPU
		{60F998B4-822E-4B1D-B25F-6F4ADECDF5CC}.Debug|Any CPU.ActiveCfg = Debug|Any CPU
		{60F998B4-822E-4B1D-B25F-6F4ADECDF5CC}.Debug|Any CPU.Build.0 = Debug|Any CPU
		{60F998B4-822E-4B1D-B25F-6F4ADECDF5CC}.Release|Any CPU.ActiveCfg = Release|Any CPU
		{60F998B4-822E-4B1D-B25F-6F4ADECDF5CC}.Release|Any CPU.Build.0 = Release|Any CPU
		{A56E5D84-AD97-4F9C-A82F-7B39B5BDC505}.Debug|Any CPU.ActiveCfg = Debug|Any CPU
		{A56E5D84-AD97-4F9C-A82F-7B39B5BDC505}.Debug|Any CPU.Build.0 = Debug|Any CPU
		{A56E5D84-AD97-4F9C-A82F-7B39B5BDC505}.Release|Any CPU.ActiveCfg = Release|Any CPU
		{A56E5D84-AD97-4F9C-A82F-7B39B5BDC505}.Release|Any CPU.Build.0 = Release|Any CPU
		{5713B2D2-EC84-46FE-8BD4-75438B90B27B}.Debug|Any CPU.ActiveCfg = Debug|Any CPU
		{5713B2D2-EC84-46FE-8BD4-75438B90B27B}.Debug|Any CPU.Build.0 = Debug|Any CPU
		{5713B2D2-EC84-46FE-8BD4-75438B90B27B}.Release|Any CPU.ActiveCfg = Release|Any CPU
		{5713B2D2-EC84-46FE-8BD4-75438B90B27B}.Release|Any CPU.Build.0 = Release|Any CPU
		{A0B1A67B-2973-4CEE-9A96-7C8642BA969A}.Debug|Any CPU.ActiveCfg = Debug|Any CPU
		{A0B1A67B-2973-4CEE-9A96-7C8642BA969A}.Debug|Any CPU.Build.0 = Debug|Any CPU
		{A0B1A67B-2973-4CEE-9A96-7C8642BA969A}.Release|Any CPU.ActiveCfg = Release|Any CPU
		{A0B1A67B-2973-4CEE-9A96-7C8642BA969A}.Release|Any CPU.Build.0 = Release|Any CPU
		{7F8774DC-E765-492E-BEB0-BFE986A263E7}.Debug|Any CPU.ActiveCfg = Debug|Any CPU
		{7F8774DC-E765-492E-BEB0-BFE986A263E7}.Debug|Any CPU.Build.0 = Debug|Any CPU
		{7F8774DC-E765-492E-BEB0-BFE986A263E7}.Release|Any CPU.ActiveCfg = Release|Any CPU
		{7F8774DC-E765-492E-BEB0-BFE986A263E7}.Release|Any CPU.Build.0 = Release|Any CPU
		{FFD518EB-7EDC-4A56-9C64-489ACCDE523B}.Debug|Any CPU.ActiveCfg = Debug|Any CPU
		{FFD518EB-7EDC-4A56-9C64-489ACCDE523B}.Debug|Any CPU.Build.0 = Debug|Any CPU
		{FFD518EB-7EDC-4A56-9C64-489ACCDE523B}.Release|Any CPU.ActiveCfg = Release|Any CPU
		{FFD518EB-7EDC-4A56-9C64-489ACCDE523B}.Release|Any CPU.Build.0 = Release|Any CPU
		{E364C2FD-2D05-4E34-AD4F-F50AF6034B17}.Debug|Any CPU.ActiveCfg = Debug|Any CPU
		{E364C2FD-2D05-4E34-AD4F-F50AF6034B17}.Debug|Any CPU.Build.0 = Debug|Any CPU
		{E364C2FD-2D05-4E34-AD4F-F50AF6034B17}.Release|Any CPU.ActiveCfg = Release|Any CPU
		{E364C2FD-2D05-4E34-AD4F-F50AF6034B17}.Release|Any CPU.Build.0 = Release|Any CPU
	EndGlobalSection
EndGlobal
