
Microsoft Visual Studio Solution File, Format Version 12.00
Project("{2150E333-8FDC-42A3-9474-1A3956D46DE8}") = "src", "src", "{E2EE4D17-FC8B-4E6D-9015-5B9DDC122C0D}"
EndProject
Project("{2150E333-8FDC-42A3-9474-1A3956D46DE8}") = "Bootstrapper", "Bootstrapper", "{360EC86B-CB73-40AB-BFDC-76F5B99F4C76}"
EndProject
Project("{2150E333-8FDC-42A3-9474-1A3956D46DE8}") = "Modules", "Modules", "{C70E566F-94EE-4218-A1F9-3DBB802BF41B}"
EndProject
Project("{2150E333-8FDC-42A3-9474-1A3956D46DE8}") = "Shared", "Shared", "{9E66FB6E-B84A-4A28-8910-EC2F9DE88D12}"
EndProject
Project("{2150E333-8FDC-42A3-9474-1A3956D46DE8}") = "Tests", "Tests", "{01AA9584-449B-4CE7-B176-B23829C8883F}"
EndProject
Project("{FAE04EC0-301F-11D3-BF4B-00C04F79EFBC}") = "Budgethold.Shared.Abstractions", "Budgethold.Shared.Abstractions\Budgethold.Shared.Abstractions.csproj", "{3CCD3A20-F6C9-4B20-B206-99B0E0EC10F8}"
EndProject
Project("{FAE04EC0-301F-11D3-BF4B-00C04F79EFBC}") = "Budgethold.Shared.Infrastructure", "Budgethold.Shared.Infrastructure\Budgethold.Shared.Infrastructure.csproj", "{0DABD9B7-B542-4781-9209-9FDC51C25128}"
EndProject
Project("{2150E333-8FDC-42A3-9474-1A3956D46DE8}") = "Users", "Users", "{C9F52BA2-481B-44BB-9076-5EF57FA6266A}"
EndProject
Project("{FAE04EC0-301F-11D3-BF4B-00C04F79EFBC}") = "Budgethold.Modules.Users.Api", "Budgethold.Modules.Users.Api\Budgethold.Modules.Users.Api.csproj", "{1C2FF267-0214-41C5-928F-BFE19CFB4D07}"
EndProject
Project("{FAE04EC0-301F-11D3-BF4B-00C04F79EFBC}") = "Budgethold.Modules.Users.Core", "Budgethold.Modules.Users.Core\Budgethold.Modules.Users.Core.csproj", "{EEB4370E-63A3-4549-BFD3-769CE39337ED}"
EndProject
Project("{FAE04EC0-301F-11D3-BF4B-00C04F79EFBC}") = "Budgethold.Modules.Users.Application", "Budgethold.Modules.Users.Application\Budgethold.Modules.Users.Application.csproj", "{8E71BE18-C512-492E-86B4-E8816B133749}"
EndProject
Project("{FAE04EC0-301F-11D3-BF4B-00C04F79EFBC}") = "Budgethold.Modules.Users.DataAccess", "Budgethold.Modules.Users.DataAccess\Budgethold.Modules.Users.DataAccess.csproj", "{03BCF8CB-EAB4-4A49-8599-883D796F93C1}"
EndProject
Global
	GlobalSection(SolutionConfigurationPlatforms) = preSolution
		Debug|Any CPU = Debug|Any CPU
		Release|Any CPU = Release|Any CPU
	EndGlobalSection
	GlobalSection(NestedProjects) = preSolution
		{360EC86B-CB73-40AB-BFDC-76F5B99F4C76} = {E2EE4D17-FC8B-4E6D-9015-5B9DDC122C0D}
		{C70E566F-94EE-4218-A1F9-3DBB802BF41B} = {E2EE4D17-FC8B-4E6D-9015-5B9DDC122C0D}
		{9E66FB6E-B84A-4A28-8910-EC2F9DE88D12} = {E2EE4D17-FC8B-4E6D-9015-5B9DDC122C0D}
		{01AA9584-449B-4CE7-B176-B23829C8883F} = {9E66FB6E-B84A-4A28-8910-EC2F9DE88D12}
		{3CCD3A20-F6C9-4B20-B206-99B0E0EC10F8} = {9E66FB6E-B84A-4A28-8910-EC2F9DE88D12}
		{0DABD9B7-B542-4781-9209-9FDC51C25128} = {9E66FB6E-B84A-4A28-8910-EC2F9DE88D12}
		{C9F52BA2-481B-44BB-9076-5EF57FA6266A} = {C70E566F-94EE-4218-A1F9-3DBB802BF41B}
		{1C2FF267-0214-41C5-928F-BFE19CFB4D07} = {C9F52BA2-481B-44BB-9076-5EF57FA6266A}
		{EEB4370E-63A3-4549-BFD3-769CE39337ED} = {C9F52BA2-481B-44BB-9076-5EF57FA6266A}
		{8E71BE18-C512-492E-86B4-E8816B133749} = {C9F52BA2-481B-44BB-9076-5EF57FA6266A}
		{03BCF8CB-EAB4-4A49-8599-883D796F93C1} = {C9F52BA2-481B-44BB-9076-5EF57FA6266A}
	EndGlobalSection
	GlobalSection(ProjectConfigurationPlatforms) = postSolution
		{3CCD3A20-F6C9-4B20-B206-99B0E0EC10F8}.Debug|Any CPU.ActiveCfg = Debug|Any CPU
		{3CCD3A20-F6C9-4B20-B206-99B0E0EC10F8}.Debug|Any CPU.Build.0 = Debug|Any CPU
		{3CCD3A20-F6C9-4B20-B206-99B0E0EC10F8}.Release|Any CPU.ActiveCfg = Release|Any CPU
		{3CCD3A20-F6C9-4B20-B206-99B0E0EC10F8}.Release|Any CPU.Build.0 = Release|Any CPU
		{0DABD9B7-B542-4781-9209-9FDC51C25128}.Debug|Any CPU.ActiveCfg = Debug|Any CPU
		{0DABD9B7-B542-4781-9209-9FDC51C25128}.Debug|Any CPU.Build.0 = Debug|Any CPU
		{0DABD9B7-B542-4781-9209-9FDC51C25128}.Release|Any CPU.ActiveCfg = Release|Any CPU
		{0DABD9B7-B542-4781-9209-9FDC51C25128}.Release|Any CPU.Build.0 = Release|Any CPU
		{1C2FF267-0214-41C5-928F-BFE19CFB4D07}.Debug|Any CPU.ActiveCfg = Debug|Any CPU
		{1C2FF267-0214-41C5-928F-BFE19CFB4D07}.Debug|Any CPU.Build.0 = Debug|Any CPU
		{1C2FF267-0214-41C5-928F-BFE19CFB4D07}.Release|Any CPU.ActiveCfg = Release|Any CPU
		{1C2FF267-0214-41C5-928F-BFE19CFB4D07}.Release|Any CPU.Build.0 = Release|Any CPU
		{EEB4370E-63A3-4549-BFD3-769CE39337ED}.Debug|Any CPU.ActiveCfg = Debug|Any CPU
		{EEB4370E-63A3-4549-BFD3-769CE39337ED}.Debug|Any CPU.Build.0 = Debug|Any CPU
		{EEB4370E-63A3-4549-BFD3-769CE39337ED}.Release|Any CPU.ActiveCfg = Release|Any CPU
		{EEB4370E-63A3-4549-BFD3-769CE39337ED}.Release|Any CPU.Build.0 = Release|Any CPU
		{8E71BE18-C512-492E-86B4-E8816B133749}.Debug|Any CPU.ActiveCfg = Debug|Any CPU
		{8E71BE18-C512-492E-86B4-E8816B133749}.Debug|Any CPU.Build.0 = Debug|Any CPU
		{8E71BE18-C512-492E-86B4-E8816B133749}.Release|Any CPU.ActiveCfg = Release|Any CPU
		{8E71BE18-C512-492E-86B4-E8816B133749}.Release|Any CPU.Build.0 = Release|Any CPU
		{03BCF8CB-EAB4-4A49-8599-883D796F93C1}.Debug|Any CPU.ActiveCfg = Debug|Any CPU
		{03BCF8CB-EAB4-4A49-8599-883D796F93C1}.Debug|Any CPU.Build.0 = Debug|Any CPU
		{03BCF8CB-EAB4-4A49-8599-883D796F93C1}.Release|Any CPU.ActiveCfg = Release|Any CPU
		{03BCF8CB-EAB4-4A49-8599-883D796F93C1}.Release|Any CPU.Build.0 = Release|Any CPU
	EndGlobalSection
EndGlobal
