
Microsoft Visual Studio Solution File, Format Version 12.00
Project("{2150E333-8FDC-42A3-9474-1A3956D46DE8}") = "src", "src", "{E2EE4D17-FC8B-4E6D-9015-5B9DDC122C0D}"
EndProject
Project("{2150E333-8FDC-42A3-9474-1A3956D46DE8}") = "Bootstrapper", "Bootstrapper", "{360EC86B-CB73-40AB-BFDC-76F5B99F4C76}"
EndProject
Project("{2150E333-8FDC-42A3-9474-1A3956D46DE8}") = "Modules", "Modules", "{C70E566F-94EE-4218-A1F9-3DBB802BF41B}"
EndProject
Project("{2150E333-8FDC-42A3-9474-1A3956D46DE8}") = "Shared", "Shared", "{9E66FB6E-B84A-4A28-8910-EC2F9DE88D12}"
EndProject
Project("{FAE04EC0-301F-11D3-BF4B-00C04F79EFBC}") = "Budgethold.Shared.Abstractions", "Budgethold.Shared.Abstractions\Budgethold.Shared.Abstractions.csproj", "{3CCD3A20-F6C9-4B20-B206-99B0E0EC10F8}"
EndProject
Project("{FAE04EC0-301F-11D3-BF4B-00C04F79EFBC}") = "Budgethold.Shared.Infrastructure", "Budgethold.Shared.Infrastructure\Budgethold.Shared.Infrastructure.csproj", "{0DABD9B7-B542-4781-9209-9FDC51C25128}"
EndProject
Project("{FAE04EC0-301F-11D3-BF4B-00C04F79EFBC}") = "Budgethold.Bootstrapper", "Budgethold.Bootstrapper\Budgethold.Bootstrapper.csproj", "{52512FC6-A2B6-4B6D-917E-1B11C946E62E}"
EndProject
Project("{2150E333-8FDC-42A3-9474-1A3956D46DE8}") = "tests", "tests", "{FAFF4CA2-5D75-4E08-BB95-6D8485D8E7D6}"
EndProject
Project("{2150E333-8FDC-42A3-9474-1A3956D46DE8}") = "Wallets", "Wallets", "{9FC2DABE-F025-4CD5-874C-2120AA1FB477}"
EndProject
Project("{FAE04EC0-301F-11D3-BF4B-00C04F79EFBC}") = "Budgethold.Modules.Wallets.Api", "Budgethold.Modules.Wallets.Api\Budgethold.Modules.Wallets.Api.csproj", "{CCE5CC75-B890-490B-BEA0-C9051E99BC02}"
EndProject
Project("{FAE04EC0-301F-11D3-BF4B-00C04F79EFBC}") = "Budgethold.Modules.Wallets.Core", "Budgethold.Modules.Wallets.Core\Budgethold.Modules.Wallets.Core.csproj", "{B99C399D-8098-496A-B675-4C91A63CAA45}"
EndProject
Project("{2150E333-8FDC-42A3-9474-1A3956D46DE8}") = "Categories", "Categories", "{86E49981-0388-4834-9573-4A6CA32C3756}"
EndProject
Project("{FAE04EC0-301F-11D3-BF4B-00C04F79EFBC}") = "Budgethold.Modules.Categories.Api", "Budgethold.Modules.Categories.Api\Budgethold.Modules.Categories.Api.csproj", "{82CD7212-FDA1-43AA-B5D9-FE811A756F95}"
EndProject
Project("{FAE04EC0-301F-11D3-BF4B-00C04F79EFBC}") = "Budgethold.Modules.Categories.Core", "Budgethold.Modules.Categories.Core\Budgethold.Modules.Categories.Core.csproj", "{9DFACBD7-AD50-4B78-83DE-DEFB9303F002}"
EndProject
Global
	GlobalSection(SolutionConfigurationPlatforms) = preSolution
		Debug|Any CPU = Debug|Any CPU
		Release|Any CPU = Release|Any CPU
	EndGlobalSection
	GlobalSection(NestedProjects) = preSolution
		{360EC86B-CB73-40AB-BFDC-76F5B99F4C76} = {E2EE4D17-FC8B-4E6D-9015-5B9DDC122C0D}
		{C70E566F-94EE-4218-A1F9-3DBB802BF41B} = {E2EE4D17-FC8B-4E6D-9015-5B9DDC122C0D}
		{9E66FB6E-B84A-4A28-8910-EC2F9DE88D12} = {E2EE4D17-FC8B-4E6D-9015-5B9DDC122C0D}
		{3CCD3A20-F6C9-4B20-B206-99B0E0EC10F8} = {9E66FB6E-B84A-4A28-8910-EC2F9DE88D12}
		{0DABD9B7-B542-4781-9209-9FDC51C25128} = {9E66FB6E-B84A-4A28-8910-EC2F9DE88D12}
		{52512FC6-A2B6-4B6D-917E-1B11C946E62E} = {360EC86B-CB73-40AB-BFDC-76F5B99F4C76}
		{9FC2DABE-F025-4CD5-874C-2120AA1FB477} = {C70E566F-94EE-4218-A1F9-3DBB802BF41B}
		{CCE5CC75-B890-490B-BEA0-C9051E99BC02} = {9FC2DABE-F025-4CD5-874C-2120AA1FB477}
		{B99C399D-8098-496A-B675-4C91A63CAA45} = {9FC2DABE-F025-4CD5-874C-2120AA1FB477}
		{86E49981-0388-4834-9573-4A6CA32C3756} = {C70E566F-94EE-4218-A1F9-3DBB802BF41B}
		{82CD7212-FDA1-43AA-B5D9-FE811A756F95} = {86E49981-0388-4834-9573-4A6CA32C3756}
		{9DFACBD7-AD50-4B78-83DE-DEFB9303F002} = {86E49981-0388-4834-9573-4A6CA32C3756}
	EndGlobalSection
	GlobalSection(ProjectConfigurationPlatforms) = postSolution
		{3CCD3A20-F6C9-4B20-B206-99B0E0EC10F8}.Debug|Any CPU.ActiveCfg = Debug|Any CPU
		{3CCD3A20-F6C9-4B20-B206-99B0E0EC10F8}.Debug|Any CPU.Build.0 = Debug|Any CPU
		{3CCD3A20-F6C9-4B20-B206-99B0E0EC10F8}.Release|Any CPU.ActiveCfg = Release|Any CPU
		{3CCD3A20-F6C9-4B20-B206-99B0E0EC10F8}.Release|Any CPU.Build.0 = Release|Any CPU
		{0DABD9B7-B542-4781-9209-9FDC51C25128}.Debug|Any CPU.ActiveCfg = Debug|Any CPU
		{0DABD9B7-B542-4781-9209-9FDC51C25128}.Debug|Any CPU.Build.0 = Debug|Any CPU
		{0DABD9B7-B542-4781-9209-9FDC51C25128}.Release|Any CPU.ActiveCfg = Release|Any CPU
		{0DABD9B7-B542-4781-9209-9FDC51C25128}.Release|Any CPU.Build.0 = Release|Any CPU
		{52512FC6-A2B6-4B6D-917E-1B11C946E62E}.Debug|Any CPU.ActiveCfg = Debug|Any CPU
		{52512FC6-A2B6-4B6D-917E-1B11C946E62E}.Debug|Any CPU.Build.0 = Debug|Any CPU
		{52512FC6-A2B6-4B6D-917E-1B11C946E62E}.Release|Any CPU.ActiveCfg = Release|Any CPU
		{52512FC6-A2B6-4B6D-917E-1B11C946E62E}.Release|Any CPU.Build.0 = Release|Any CPU
		{CCE5CC75-B890-490B-BEA0-C9051E99BC02}.Debug|Any CPU.ActiveCfg = Debug|Any CPU
		{CCE5CC75-B890-490B-BEA0-C9051E99BC02}.Debug|Any CPU.Build.0 = Debug|Any CPU
		{CCE5CC75-B890-490B-BEA0-C9051E99BC02}.Release|Any CPU.ActiveCfg = Release|Any CPU
		{CCE5CC75-B890-490B-BEA0-C9051E99BC02}.Release|Any CPU.Build.0 = Release|Any CPU
		{B99C399D-8098-496A-B675-4C91A63CAA45}.Debug|Any CPU.ActiveCfg = Debug|Any CPU
		{B99C399D-8098-496A-B675-4C91A63CAA45}.Debug|Any CPU.Build.0 = Debug|Any CPU
		{B99C399D-8098-496A-B675-4C91A63CAA45}.Release|Any CPU.ActiveCfg = Release|Any CPU
		{B99C399D-8098-496A-B675-4C91A63CAA45}.Release|Any CPU.Build.0 = Release|Any CPU
		{82CD7212-FDA1-43AA-B5D9-FE811A756F95}.Debug|Any CPU.ActiveCfg = Debug|Any CPU
		{82CD7212-FDA1-43AA-B5D9-FE811A756F95}.Debug|Any CPU.Build.0 = Debug|Any CPU
		{82CD7212-FDA1-43AA-B5D9-FE811A756F95}.Release|Any CPU.ActiveCfg = Release|Any CPU
		{82CD7212-FDA1-43AA-B5D9-FE811A756F95}.Release|Any CPU.Build.0 = Release|Any CPU
		{9DFACBD7-AD50-4B78-83DE-DEFB9303F002}.Debug|Any CPU.ActiveCfg = Debug|Any CPU
		{9DFACBD7-AD50-4B78-83DE-DEFB9303F002}.Debug|Any CPU.Build.0 = Debug|Any CPU
		{9DFACBD7-AD50-4B78-83DE-DEFB9303F002}.Release|Any CPU.ActiveCfg = Release|Any CPU
		{9DFACBD7-AD50-4B78-83DE-DEFB9303F002}.Release|Any CPU.Build.0 = Release|Any CPU
	EndGlobalSection
EndGlobal
